
Microsoft Visual Studio Solution File, Format Version 12.00
# Visual Studio 15
VisualStudioVersion = 15.0.27130.2010
MinimumVisualStudioVersion = 10.0.40219.1
Project("{2150E333-8FDC-42A3-9474-1A3956D46DE8}") = "Solution Items", "Solution Items", "{A03FD67D-A9E0-461A-AFBE-BA7E1880EA4F}"
	ProjectSection(SolutionItems) = preProject
		LICENSE = LICENSE
		README.md = README.md
	EndProjectSection
EndProject
Project("{9A19103F-16F7-4668-BE54-9A1E7A4F7556}") = "mystratisnode", "mystratisnode\mystratisnode.csproj", "{93216C40-6B8B-4AD7-8753-B7951E18735E}"
EndProject
Global
	GlobalSection(SolutionConfigurationPlatforms) = preSolution
		Debug|Any CPU = Debug|Any CPU
		Release|Any CPU = Release|Any CPU
	EndGlobalSection
	GlobalSection(ProjectConfigurationPlatforms) = postSolution
		{93216C40-6B8B-4AD7-8753-B7951E18735E}.Debug|Any CPU.ActiveCfg = Debug|Any CPU
		{93216C40-6B8B-4AD7-8753-B7951E18735E}.Debug|Any CPU.Build.0 = Debug|Any CPU
		{93216C40-6B8B-4AD7-8753-B7951E18735E}.Release|Any CPU.ActiveCfg = Release|Any CPU
		{93216C40-6B8B-4AD7-8753-B7951E18735E}.Release|Any CPU.Build.0 = Release|Any CPU
	EndGlobalSection
	GlobalSection(SolutionProperties) = preSolution
		HideSolutionNode = FALSE
	EndGlobalSection
	GlobalSection(ExtensibilityGlobals) = postSolution
		SolutionGuid = {A0F766B3-196C-43D2-90AB-C5C389373DCD}
	EndGlobalSection
EndGlobal
