
Microsoft Visual Studio Solution File, Format Version 12.00
# Visual Studio 15
VisualStudioVersion = 15.0.27130.2010
MinimumVisualStudioVersion = 10.0.40219.1
Project("{FAE04EC0-301F-11D3-BF4B-00C04F79EFBC}") = "stratis", "stratis\stratis.csproj", "{09F9AC07-B733-4BCE-AC68-8976059C1929}"
EndProject
Project("{2150E333-8FDC-42A3-9474-1A3956D46DE8}") = "Solution Items", "Solution Items", "{A03FD67D-A9E0-461A-AFBE-BA7E1880EA4F}"
	ProjectSection(SolutionItems) = preProject
		README.md = README.md
	EndProjectSection
EndProject
Global
	GlobalSection(SolutionConfigurationPlatforms) = preSolution
		Debug|Any CPU = Debug|Any CPU
		Release|Any CPU = Release|Any CPU
	EndGlobalSection
	GlobalSection(ProjectConfigurationPlatforms) = postSolution
		{09F9AC07-B733-4BCE-AC68-8976059C1929}.Debug|Any CPU.ActiveCfg = Debug|Any CPU
		{09F9AC07-B733-4BCE-AC68-8976059C1929}.Debug|Any CPU.Build.0 = Debug|Any CPU
		{09F9AC07-B733-4BCE-AC68-8976059C1929}.Release|Any CPU.ActiveCfg = Release|Any CPU
		{09F9AC07-B733-4BCE-AC68-8976059C1929}.Release|Any CPU.Build.0 = Release|Any CPU
	EndGlobalSection
	GlobalSection(SolutionProperties) = preSolution
		HideSolutionNode = FALSE
	EndGlobalSection
	GlobalSection(ExtensibilityGlobals) = postSolution
		SolutionGuid = {A0F766B3-196C-43D2-90AB-C5C389373DCD}
	EndGlobalSection
EndGlobal
